
Microsoft Visual Studio Solution File, Format Version 12.00
# Visual Studio Version 17
VisualStudioVersion = 17.2.32526.322
MinimumVisualStudioVersion = 10.0.40219.1
Project("{FAE04EC0-301F-11D3-BF4B-00C04F79EFBC}") = "HECS_Server", "HECS_Server.csproj", "{A319BA91-691F-4FB6-8F80-B168C5C2B01E}"
EndProject
Global
	GlobalSection(SolutionConfigurationPlatforms) = preSolution
		Debug|Any CPU = Debug|Any CPU
		Release|Any CPU = Release|Any CPU
	EndGlobalSection
	GlobalSection(ProjectConfigurationPlatforms) = postSolution
		{A319BA91-691F-4FB6-8F80-B168C5C2B01E}.Debug|Any CPU.ActiveCfg = Debug|Any CPU
		{A319BA91-691F-4FB6-8F80-B168C5C2B01E}.Debug|Any CPU.Build.0 = Debug|Any CPU
		{A319BA91-691F-4FB6-8F80-B168C5C2B01E}.Release|Any CPU.ActiveCfg = Release|Any CPU
		{A319BA91-691F-4FB6-8F80-B168C5C2B01E}.Release|Any CPU.Build.0 = Release|Any CPU
	EndGlobalSection
	GlobalSection(SolutionProperties) = preSolution
		HideSolutionNode = FALSE
	EndGlobalSection
	GlobalSection(ExtensibilityGlobals) = postSolution
		SolutionGuid = {BE74274D-71EC-4962-8467-0232A3961FE8}
	EndGlobalSection
EndGlobal
